
Microsoft Visual Studio Solution File, Format Version 12.00
# Visual Studio Version 17
VisualStudioVersion = 17.7.34031.279
MinimumVisualStudioVersion = 10.0.40219.1
Project("{9A19103F-16F7-4668-BE54-9A1E7A4F7556}") = "exceltosql", "exceltosql\exceltosql.csproj", "{3A4FF335-3AF3-4667-A0AE-94517F847EFC}"
EndProject
Global
	GlobalSection(SolutionConfigurationPlatforms) = preSolution
		Debug|Any CPU = Debug|Any CPU
		Release|Any CPU = Release|Any CPU
	EndGlobalSection
	GlobalSection(ProjectConfigurationPlatforms) = postSolution
		{3A4FF335-3AF3-4667-A0AE-94517F847EFC}.Debug|Any CPU.ActiveCfg = Debug|Any CPU
		{3A4FF335-3AF3-4667-A0AE-94517F847EFC}.Debug|Any CPU.Build.0 = Debug|Any CPU
		{3A4FF335-3AF3-4667-A0AE-94517F847EFC}.Release|Any CPU.ActiveCfg = Release|Any CPU
		{3A4FF335-3AF3-4667-A0AE-94517F847EFC}.Release|Any CPU.Build.0 = Release|Any CPU
	EndGlobalSection
	GlobalSection(SolutionProperties) = preSolution
		HideSolutionNode = FALSE
	EndGlobalSection
	GlobalSection(ExtensibilityGlobals) = postSolution
		SolutionGuid = {3DD56405-675B-4C89-9EAC-436708E8D7E1}
	EndGlobalSection
EndGlobal
